
Microsoft Visual Studio Solution File, Format Version 12.00
# Visual Studio Version 17
VisualStudioVersion = 17.4.33122.133
MinimumVisualStudioVersion = 10.0.40219.1
Project("{8BC9CEB8-8B4A-11D0-8D11-00A0C91BC942}") = "MSTforGraph", "MSTforGraph.vcxproj", "{F74091AD-92DB-4391-828F-2F39490B081B}"
EndProject
Global
	GlobalSection(SolutionConfigurationPlatforms) = preSolution
		Debug|x64 = Debug|x64
		Debug|x86 = Debug|x86
		Release|x64 = Release|x64
		Release|x86 = Release|x86
	EndGlobalSection
	GlobalSection(ProjectConfigurationPlatforms) = postSolution
		{F74091AD-92DB-4391-828F-2F39490B081B}.Debug|x64.ActiveCfg = Debug|x64
		{F74091AD-92DB-4391-828F-2F39490B081B}.Debug|x64.Build.0 = Debug|x64
		{F74091AD-92DB-4391-828F-2F39490B081B}.Debug|x86.ActiveCfg = Debug|Win32
		{F74091AD-92DB-4391-828F-2F39490B081B}.Debug|x86.Build.0 = Debug|Win32
		{F74091AD-92DB-4391-828F-2F39490B081B}.Release|x64.ActiveCfg = Release|x64
		{F74091AD-92DB-4391-828F-2F39490B081B}.Release|x64.Build.0 = Release|x64
		{F74091AD-92DB-4391-828F-2F39490B081B}.Release|x86.ActiveCfg = Release|Win32
		{F74091AD-92DB-4391-828F-2F39490B081B}.Release|x86.Build.0 = Release|Win32
	EndGlobalSection
	GlobalSection(SolutionProperties) = preSolution
		HideSolutionNode = FALSE
	EndGlobalSection
	GlobalSection(ExtensibilityGlobals) = postSolution
		SolutionGuid = {A5401B79-4E8E-40F6-A6EA-6F5123418E5C}
	EndGlobalSection
EndGlobal
